
Microsoft Visual Studio Solution File, Format Version 12.00
# Visual Studio Version 17
VisualStudioVersion = 17.14.37027.9 d17.14
MinimumVisualStudioVersion = 10.0.40219.1
Project("{FAE04EC0-301F-11D3-BF4B-00C04F79EFBC}") = "GitHubConnector_Aventisia", "GitHubConnector_Aventisia.csproj", "{ABD487BF-68B9-427A-8E7A-D09210F07AFC}"
EndProject
Global
	GlobalSection(SolutionConfigurationPlatforms) = preSolution
		Debug|Any CPU = Debug|Any CPU
		Release|Any CPU = Release|Any CPU
	EndGlobalSection
	GlobalSection(ProjectConfigurationPlatforms) = postSolution
		{ABD487BF-68B9-427A-8E7A-D09210F07AFC}.Debug|Any CPU.ActiveCfg = Debug|Any CPU
		{ABD487BF-68B9-427A-8E7A-D09210F07AFC}.Debug|Any CPU.Build.0 = Debug|Any CPU
		{ABD487BF-68B9-427A-8E7A-D09210F07AFC}.Release|Any CPU.ActiveCfg = Release|Any CPU
		{ABD487BF-68B9-427A-8E7A-D09210F07AFC}.Release|Any CPU.Build.0 = Release|Any CPU
	EndGlobalSection
	GlobalSection(SolutionProperties) = preSolution
		HideSolutionNode = FALSE
	EndGlobalSection
	GlobalSection(ExtensibilityGlobals) = postSolution
		SolutionGuid = {E51F3CFC-A1EA-43E1-B579-EAFFFE75AC4F}
	EndGlobalSection
EndGlobal
